
Microsoft Visual Studio Solution File, Format Version 12.00
# Visual Studio Version 17
VisualStudioVersion = 17.9.34714.143
MinimumVisualStudioVersion = 10.0.40219.1
Project("{FAE04EC0-301F-11D3-BF4B-00C04F79EFBC}") = "кал1", "кал1\кал1.csproj", "{CD3C1AD7-E515-4299-9F32-BD27FE56D184}"
EndProject
Global
	GlobalSection(SolutionConfigurationPlatforms) = preSolution
		Debug|Any CPU = Debug|Any CPU
		Release|Any CPU = Release|Any CPU
	EndGlobalSection
	GlobalSection(ProjectConfigurationPlatforms) = postSolution
		{CD3C1AD7-E515-4299-9F32-BD27FE56D184}.Debug|Any CPU.ActiveCfg = Debug|Any CPU
		{CD3C1AD7-E515-4299-9F32-BD27FE56D184}.Debug|Any CPU.Build.0 = Debug|Any CPU
		{CD3C1AD7-E515-4299-9F32-BD27FE56D184}.Release|Any CPU.ActiveCfg = Release|Any CPU
		{CD3C1AD7-E515-4299-9F32-BD27FE56D184}.Release|Any CPU.Build.0 = Release|Any CPU
	EndGlobalSection
	GlobalSection(SolutionProperties) = preSolution
		HideSolutionNode = FALSE
	EndGlobalSection
	GlobalSection(ExtensibilityGlobals) = postSolution
		SolutionGuid = {4B301C05-5F82-412B-A109-DECAE3A474D7}
	EndGlobalSection
EndGlobal
